{
  "name": "ng2-charts-base",
  "version": "1.6.0",
  "lockfileVersion": 1,
  "requires": true,
  "dependencies": {
    "@angular/cli": {
      "version": "1.0.6",
      "resolved": "https://registry.npmjs.org/@angular/cli/-/cli-1.0.6.tgz",
      "integrity": "sha1-ouhh8gITGoE5iCx48YWcvvy+p34=",
      "dev": true
    },
    "@angular/common": {
      "version": "2.4.3",
      "resolved": "https://registry.npmjs.org/@angular/common/-/common-2.4.3.tgz",
      "integrity": "sha1-eNlr0vihoQX2Nc0l42K6VwS0f1Y=",
      "dev": true
    },
    "@angular/compiler": {
      "version": "2.4.3",
      "resolved": "https://registry.npmjs.org/@angular/compiler/-/compiler-2.4.3.tgz",
      "integrity": "sha1-dqQZFvkO2mZkMQd0DEqa5Fy3psE=",
      "dev": true
    },
    "@angular/compiler-cli": {
      "version": "2.4.3",
      "resolved": "https://registry.npmjs.org/@angular/compiler-cli/-/compiler-cli-2.4.3.tgz",
      "integrity": "sha1-gznC9CjSnfPqDqwX8I0pb8h+sWA=",
      "dev": true,
      "dependencies": {
        "minimist": {
          "version": "1.2.0",
          "resolved": "https://registry.npmjs.org/minimist/-/minimist-1.2.0.tgz",
          "integrity": "sha1-o1AIsg9BOD7sH7kU9M1d95omQoQ="
        }
      }
    },
    "@angular/core": {
      "version": "2.4.3",
      "resolved": "https://registry.npmjs.org/@angular/core/-/core-2.4.3.tgz",
      "integrity": "sha1-pyoTu58BZZuDiFWM1uOlcKhDSxw=",
      "dev": true
    },
    "@angular/forms": {
      "version": "2.4.3",
      "resolved": "https://registry.npmjs.org/@angular/forms/-/forms-2.4.3.tgz",
      "integrity": "sha1-C09ZuAdOPQ/ph3geDyrxyh7sISs=",
      "dev": true
    },
    "@angular/http": {
      "version": "2.4.3",
      "resolved": "https://registry.npmjs.org/@angular/http/-/http-2.4.3.tgz",
      "integrity": "sha1-2K/Kc2LvsBBgD94CNg4B6EhXm+Y=",
      "dev": true
    },
    "@angular/language-service": {
      "version": "2.4.3",
      "resolved": "https://registry.npmjs.org/@angular/language-service/-/language-service-2.4.3.tgz",
      "integrity": "sha1-s2t+F2ey9xb4bbChAxWF30mo+FY=",
      "dev": true
    },
    "@angular/platform-browser": {
      "version": "2.4.3",
      "resolved": "https://registry.npmjs.org/@angular/platform-browser/-/platform-browser-2.4.3.tgz",
      "integrity": "sha1-66hYjS//w50LhakYDCl9nKLx86Q=",
      "dev": true
    },
    "@angular/platform-browser-dynamic": {
      "version": "2.4.3",
      "resolved": "https://registry.npmjs.org/@angular/platform-browser-dynamic/-/platform-browser-dynamic-2.4.3.tgz",
      "integrity": "sha1-1lzJvESH4qhuLG9mQccR/M+pDFo=",
      "dev": true
    },
    "@angular/router": {
      "version": "3.4.3",
      "resolved": "https://registry.npmjs.org/@angular/router/-/router-3.4.3.tgz",
      "integrity": "sha1-GYRsqh+H2bg/AF9For4VtnRNuP0=",
      "dev": true
    },
    "@angular/tsc-wrapped": {
      "version": "0.5.1",
      "resolved": "https://registry.npmjs.org/@angular/tsc-wrapped/-/tsc-wrapped-0.5.1.tgz",
      "integrity": "sha1-emm+yZnu9BkD3dqszchiz8+s5Sw=",
      "dev": true
    },
    "@types/chart.js": {
      "version": "2.4.2",
      "resolved": "https://registry.npmjs.org/@types/chart.js/-/chart.js-2.4.2.tgz",
      "integrity": "sha1-CT5NS/lWSms3pZd9bwkA9Gzvumc="
    },
    "@types/jasmine": {
      "version": "2.5.47",
      "resolved": "https://registry.npmjs.org/@types/jasmine/-/jasmine-2.5.47.tgz",
      "integrity": "sha1-u7qbzw6V54kMb0pHOU6LrKqWDrY=",
      "dev": true
    },
    "@types/marked": {
      "version": "0.0.28",
      "resolved": "https://registry.npmjs.org/@types/marked/-/marked-0.0.28.tgz",
      "integrity": "sha1-RLp1Tp+lFDJYPo6zCnxN0km1L6o=",
      "dev": true
    },
    "@types/node": {
      "version": "7.0.0",
      "resolved": "https://registry.npmjs.org/@types/node/-/node-7.0.0.tgz",
      "integrity": "sha1-wIEUexCdpfnFevcFcXcb6XzpwLo=",
      "dev": true
    },
    "@types/webpack": {
      "version": "2.2.15",
      "resolved": "https://registry.npmjs.org/@types/webpack/-/webpack-2.2.15.tgz",
      "integrity": "sha1-Stfpt6UcrnNqHceD8gNhDIhHif8=",
      "dev": true
    },
    "bootstrap": {
      "version": "3.3.7",
      "resolved": "https://registry.npmjs.org/bootstrap/-/bootstrap-3.3.7.tgz",
      "integrity": "sha1-WjiTlFSfIzMIdaOxUGVldPip63E=",
      "dev": true
    },
    "chart.js": {
      "version": "2.9.4",
      "resolved": "https://registry.npmjs.org/chart.js/-/chart.js-2.9.4.tgz",
      "integrity": "sha512-B07aAzxcrikjAPyV+01j7BmOpxtQETxTSlQ26BEYJ+3iUkbNKaOJ/nDbT6JjyqYxseM0ON12COHYdU2cTIjC7A==",
      "requires": {
        "chartjs-color": "^2.1.0",
        "moment": "^2.10.2"
      }
    },
    "chartjs-color": {
      "version": "2.1.0",
      "resolved": "https://registry.npmjs.org/chartjs-color/-/chartjs-color-2.1.0.tgz",
      "integrity": "sha1-nDmsgwzNmJlq6AyfEQhv8SyYp1Y="
    },
    "chokidar-cli": {
      "version": "1.2.0",
      "resolved": "https://registry.npmjs.org/chokidar-cli/-/chokidar-cli-1.2.0.tgz",
      "integrity": "sha1-jn9YRCJzGCAYvhho5Twir2WiGUg=",
      "dev": true,
      "dependencies": {
        "bluebird": {
          "version": "2.11.0",
          "resolved": "https://registry.npmjs.org/bluebird/-/bluebird-2.11.0.tgz",
          "integrity": "sha1-U0uQM8AiyVecVro7Plpcqvu2UOE="
        },
        "is-fullwidth-code-point": {
          "version": "1.0.0",
          "resolved": "https://registry.npmjs.org/is-fullwidth-code-point/-/is-fullwidth-code-point-1.0.0.tgz",
          "integrity": "sha1-754xOG8DGn8NZDr4L95QxFfvAMs="
        },
        "lodash": {
          "version": "3.10.1",
          "resolved": "https://registry.npmjs.org/lodash/-/lodash-3.10.1.tgz",
          "integrity": "sha1-W/Rejkm6QYnhfUgnid/RW9FAt7Y="
        },
        "string-width": {
          "version": "1.0.2",
          "resolved": "https://registry.npmjs.org/string-width/-/string-width-1.0.2.tgz",
          "integrity": "sha1-EYvfW4zcUaKn5w0hHgfisLmxB9M="
        },
        "window-size": {
          "version": "0.1.4",
          "resolved": "https://registry.npmjs.org/window-size/-/window-size-0.1.4.tgz",
          "integrity": "sha1-+OGqHuWlPsW/FR/6CXQqatdpeHY="
        },
        "yargs": {
          "version": "3.32.0",
          "resolved": "https://registry.npmjs.org/yargs/-/yargs-3.32.0.tgz",
          "integrity": "sha1-AwiOnr+edWtpdRYR0qXvWRSCyZU="
        }
      }
    },
    "classlist-polyfill": {
      "version": "1.2.0",
      "resolved": "https://registry.npmjs.org/classlist-polyfill/-/classlist-polyfill-1.2.0.tgz",
      "integrity": "sha1-k1vC39lFiodrJ5YXUUY4vKqWSi4=",
      "dev": true
    },
    "codecov": {
      "version": "2.2.0",
      "resolved": "https://registry.npmjs.org/codecov/-/codecov-2.2.0.tgz",
      "integrity": "sha1-LQaBfOuIkeymNog21Ptr9swE/9E=",
      "dev": true,
      "dependencies": {
        "caseless": {
          "version": "0.11.0",
          "resolved": "https://registry.npmjs.org/caseless/-/caseless-0.11.0.tgz",
          "integrity": "sha1-cVuW6phBWTzDMGeSP17GDr2k99c="
        },
        "har-validator": {
          "version": "2.0.6",
          "resolved": "https://registry.npmjs.org/har-validator/-/har-validator-2.0.6.tgz",
          "integrity": "sha1-zcvAgYgmWtEZtqWnyKtw7s+10n0="
        },
        "qs": {
          "version": "6.3.2",
          "resolved": "https://registry.npmjs.org/qs/-/qs-6.3.2.tgz",
          "integrity": "sha1-51vV9uJoEioqDgvaYwslUMFmUCw="
        },
        "request": {
          "version": "2.79.0",
          "resolved": "https://registry.npmjs.org/request/-/request-2.79.0.tgz",
          "integrity": "sha1-Tf5b9r6LjNw3/Pk+BLZVd3InEN4="
        },
        "tunnel-agent": {
          "version": "0.4.3",
          "resolved": "https://registry.npmjs.org/tunnel-agent/-/tunnel-agent-0.4.3.tgz",
          "integrity": "sha1-Y3PbdpCf5XDgjXNYM2Xtgop07us="
        }
      }
    },
    "codelyzer": {
      "version": "2.0.1",
      "resolved": "https://registry.npmjs.org/codelyzer/-/codelyzer-2.0.1.tgz",
      "integrity": "sha1-0PcSH2eoQkyS0h07MfNkC4Pe+e0=",
      "dev": true
    },
    "conventional-changelog-cli": {
      "version": "1.3.1",
      "resolved": "https://registry.npmjs.org/conventional-changelog-cli/-/conventional-changelog-cli-1.3.1.tgz",
      "integrity": "sha1-HNWp264l/7X/5nr+8eE26s7v0tU=",
      "dev": true
    },
    "conventional-github-releaser": {
      "version": "1.1.7",
      "resolved": "https://registry.npmjs.org/conventional-github-releaser/-/conventional-github-releaser-1.1.7.tgz",
      "integrity": "sha1-N0snHpkBpGM/Bfquf4xw/HrLYus=",
      "dev": true
    },
    "core-js": {
      "version": "2.4.1",
      "resolved": "https://registry.npmjs.org/core-js/-/core-js-2.4.1.tgz",
      "integrity": "sha1-TekR5mew6ukSTjQlS1OupvxhjT4=",
      "dev": true
    },
    "cpy": {
      "version": "5.0.0",
      "resolved": "https://registry.npmjs.org/cpy/-/cpy-5.0.0.tgz",
      "integrity": "sha1-gIcJhbj1CLUYxXgvp8o4llzxfVo=",
      "dev": true
    },
    "cpy-cli": {
      "version": "1.0.1",
      "resolved": "https://registry.npmjs.org/cpy-cli/-/cpy-cli-1.0.1.tgz",
      "integrity": "sha1-Z/taSi3sKMqKv/N13kuecfanVhw=",
      "dev": true,
      "dependencies": {
        "cp-file": {
          "version": "3.2.0",
          "resolved": "https://registry.npmjs.org/cp-file/-/cp-file-3.2.0.tgz",
          "integrity": "sha1-b4NhYlRiTwrViqSqjQdvAmvn4Yg="
        },
        "cpy": {
          "version": "4.0.1",
          "resolved": "https://registry.npmjs.org/cpy/-/cpy-4.0.1.tgz",
          "integrity": "sha1-tnJn66LzlgugalphrJQDNCKDNCQ="
        },
        "glob": {
          "version": "6.0.4",
          "resolved": "https://registry.npmjs.org/glob/-/glob-6.0.4.tgz",
          "integrity": "sha1-DwiGD2oVUSey+t1PnOJLGqtuTSI="
        },
        "globby": {
          "version": "4.1.0",
          "resolved": "https://registry.npmjs.org/globby/-/globby-4.1.0.tgz",
          "integrity": "sha1-CA9UVJ7BuCpsYOYx/ILhIR2+lfg="
        },
        "nested-error-stacks": {
          "version": "1.0.2",
          "resolved": "https://registry.npmjs.org/nested-error-stacks/-/nested-error-stacks-1.0.2.tgz",
          "integrity": "sha1-GfYZWRUZ8JZ2mlupqG5u7sgjw88="
        }
      }
    },
    "del-cli": {
      "version": "1.0.0",
      "resolved": "https://registry.npmjs.org/del-cli/-/del-cli-1.0.0.tgz",
      "integrity": "sha1-PP/B1QiyW1MscDucRQ5DlniZFi0=",
      "dev": true
    },
    "gh-pages": {
      "version": "1.0.0",
      "resolved": "https://registry.npmjs.org/gh-pages/-/gh-pages-1.0.0.tgz",
      "integrity": "sha1-Skb0wlQ596K35oNVBNSknpSfBMo=",
      "dev": true,
      "dependencies": {
        "async": {
          "version": "2.1.4",
          "resolved": "https://registry.npmjs.org/async/-/async-2.1.4.tgz",
          "integrity": "sha1-LSFgx3iAMuTdbL4lAvH5osj2zeQ="
        },
        "fs-extra": {
          "version": "3.0.1",
          "resolved": "https://registry.npmjs.org/fs-extra/-/fs-extra-3.0.1.tgz",
          "integrity": "sha1-N5TzeMWLNC6n27sjCVEJxLO2IpE="
        },
        "jsonfile": {
          "version": "3.0.0",
          "resolved": "https://registry.npmjs.org/jsonfile/-/jsonfile-3.0.0.tgz",
          "integrity": "sha1-kufHRE5f/V+jLmqa6LhQNN+DR9A="
        }
      }
    },
    "gitignore-to-glob": {
      "version": "0.3.0",
      "resolved": "https://registry.npmjs.org/gitignore-to-glob/-/gitignore-to-glob-0.3.0.tgz",
      "integrity": "sha1-WfMqs9m2bOUCmcPtJMsO9CoJTOs=",
      "dev": true
    },
    "google-code-prettify": {
      "version": "1.0.5",
      "resolved": "https://registry.npmjs.org/google-code-prettify/-/google-code-prettify-1.0.5.tgz",
      "integrity": "sha1-n0d/Ik2/piNy5e+AOn4VdBBAAIQ=",
      "dev": true
    },
    "html-loader": {
      "version": "0.4.5",
      "resolved": "https://registry.npmjs.org/html-loader/-/html-loader-0.4.5.tgz",
      "integrity": "sha1-X7zYfNY6XEmn/OL+VvQl4Fcpxow=",
      "dev": true
    },
    "jasmine": {
      "version": "2.6.0",
      "resolved": "https://registry.npmjs.org/jasmine/-/jasmine-2.6.0.tgz",
      "integrity": "sha1-ayLnCIPo5YnUVjRhU7TSBt2+IX8=",
      "dev": true
    },
    "jasmine-core": {
      "version": "2.6.2",
      "resolved": "https://registry.npmjs.org/jasmine-core/-/jasmine-core-2.6.2.tgz",
      "integrity": "sha1-dOoffPQoaRryARB9YxI0AnoJ2qs=",
      "dev": true
    },
    "jasmine-data-provider": {
      "version": "2.2.0",
      "resolved": "https://registry.npmjs.org/jasmine-data-provider/-/jasmine-data-provider-2.2.0.tgz",
      "integrity": "sha1-XwKbLF+82q+/pbkQymJ+rEjNu2Y=",
      "dev": true
    },
    "jasmine-spec-reporter": {
      "version": "4.1.0",
      "resolved": "https://registry.npmjs.org/jasmine-spec-reporter/-/jasmine-spec-reporter-4.1.0.tgz",
      "integrity": "sha1-uKp1hN9Y5Nq2Gs2++3bQlqo4Zj8=",
      "dev": true
    },
    "karma": {
      "version": "1.7.0",
      "resolved": "https://registry.npmjs.org/karma/-/karma-1.7.0.tgz",
      "integrity": "sha1-b3oaQGRG+i4YfslTmGmPTO5HYmk=",
      "dev": true,
      "dependencies": {
        "lodash": {
          "version": "3.10.1",
          "resolved": "https://registry.npmjs.org/lodash/-/lodash-3.10.1.tgz",
          "integrity": "sha1-W/Rejkm6QYnhfUgnid/RW9FAt7Y="
        },
        "optimist": {
          "version": "0.6.1",
          "resolved": "https://registry.npmjs.org/optimist/-/optimist-0.6.1.tgz",
          "integrity": "sha1-2j6nRob6IaGaERwybpDrFaAZZoY="
        }
      }
    },
    "karma-chrome-launcher": {
      "version": "2.1.1",
      "resolved": "https://registry.npmjs.org/karma-chrome-launcher/-/karma-chrome-launcher-2.1.1.tgz",
      "integrity": "sha1-IWh5xorATY1RQOmWGboEtZr9Rs8=",
      "dev": true
    },
    "karma-cli": {
      "version": "1.0.1",
      "resolved": "https://registry.npmjs.org/karma-cli/-/karma-cli-1.0.1.tgz",
      "integrity": "sha1-rmw8WKMTodALRRZMRVubhs4X+WA=",
      "dev": true
    },
    "karma-coverage-istanbul-reporter": {
      "version": "1.3.0",
      "resolved": "https://registry.npmjs.org/karma-coverage-istanbul-reporter/-/karma-coverage-istanbul-reporter-1.3.0.tgz",
      "integrity": "sha1-0ULNnFVzHJ42Pvc3To7xoxvr+ts="
    },
    "karma-jasmine": {
      "version": "1.1.0",
      "resolved": "https://registry.npmjs.org/karma-jasmine/-/karma-jasmine-1.1.0.tgz",
      "integrity": "sha1-IuTAa/mhguUpTR9wXjczgRuBCs8=",
      "dev": true
    },
    "karma-jasmine-html-reporter": {
      "version": "0.2.2",
      "resolved": "https://registry.npmjs.org/karma-jasmine-html-reporter/-/karma-jasmine-html-reporter-0.2.2.tgz",
      "integrity": "sha1-SKjl7xiAdhfuK14zwRlMNbQ5Ukw="
    },
    "karma-remap-istanbul": {
      "version": "0.6.0",
      "resolved": "https://registry.npmjs.org/karma-remap-istanbul/-/karma-remap-istanbul-0.6.0.tgz",
      "integrity": "sha1-l/O3cAZSVPm0ck8tm+SjouG69vw=",
      "dev": true
    },
    "karma-sauce-launcher": {
      "version": "1.1.0",
      "resolved": "https://registry.npmjs.org/karma-sauce-launcher/-/karma-sauce-launcher-1.1.0.tgz",
      "integrity": "sha1-PQg89WWdZzarl7zuXYrNhq1SIhI=",
      "dev": true
    },
    "lite-server": {
      "version": "2.3.0",
      "resolved": "https://registry.npmjs.org/lite-server/-/lite-server-2.3.0.tgz",
      "integrity": "sha1-W0zI9dX9SDYQVICrKsSKOg3isMg=",
      "dev": true,
      "dependencies": {
        "minimist": {
          "version": "1.2.0",
          "resolved": "https://registry.npmjs.org/minimist/-/minimist-1.2.0.tgz",
          "integrity": "sha1-o1AIsg9BOD7sH7kU9M1d95omQoQ="
        }
      }
    },
    "lodash": {
      "version": "4.17.4",
      "resolved": "https://registry.npmjs.org/lodash/-/lodash-4.17.4.tgz",
      "integrity": "sha1-eCA6TRwyiuHYbcpkYONptX9AVa4=",
      "dev": true
    },
    "markdown-loader": {
      "version": "2.0.0",
      "resolved": "https://registry.npmjs.org/markdown-loader/-/markdown-loader-2.0.0.tgz",
      "integrity": "sha1-Qhhi04xCJP02FetkgBfqOFtWLXg=",
      "dev": true,
      "dependencies": {
        "loader-utils": {
          "version": "0.2.17",
          "resolved": "https://registry.npmjs.org/loader-utils/-/loader-utils-0.2.17.tgz",
          "integrity": "sha1-+G5jdNQyBabmxg6RlvF8Apm/s0g="
        }
      }
    },
    "marked": {
      "version": "0.3.6",
      "resolved": "https://registry.npmjs.org/marked/-/marked-0.3.6.tgz",
      "integrity": "sha1-ssbGGPzOzk74bE/Gy4p8v1rtqNc=",
      "dev": true
    },
    "moment": {
      "version": "2.18.1",
      "resolved": "https://registry.npmjs.org/moment/-/moment-2.18.1.tgz",
      "integrity": "sha1-w2GT3Tzhwu7SrbfIAtu8d6gbHA8="
    },
    "ng2-page-scroll": {
      "version": "3.2.3",
      "resolved": "https://registry.npmjs.org/ng2-page-scroll/-/ng2-page-scroll-3.2.3.tgz",
      "integrity": "sha1-I9YbBLcBQ/3mPc081rECeUH23W8=",
      "dev": true
    },
    "ngm-cli": {
      "version": "0.5.2",
      "resolved": "https://registry.npmjs.org/ngm-cli/-/ngm-cli-0.5.2.tgz",
      "integrity": "sha512-51rsXGP09NymWN16bCXNcr2hD7KyGQyG+pdNgKFS3S5gCCbfvJc/OhY9vS8r88tPwTDXqwJ3S7oD1T26aOrQSA==",
      "dev": true
    },
    "ngx-bootstrap": {
      "version": "1.6.6",
      "resolved": "https://registry.npmjs.org/ngx-bootstrap/-/ngx-bootstrap-1.6.6.tgz",
      "integrity": "sha1-AFcUHPvdfopQ6Bvac1+tjpWssN0=",
      "dev": true
    },
    "npm-run-all": {
      "version": "4.0.2",
      "resolved": "https://registry.npmjs.org/npm-run-all/-/npm-run-all-4.0.2.tgz",
      "integrity": "sha1-qEZpNI5ttsy+BSIAtM22v+A0pP4=",
      "dev": true,
      "dependencies": {
        "cross-spawn": {
          "version": "5.1.0",
          "resolved": "https://registry.npmjs.org/cross-spawn/-/cross-spawn-5.1.0.tgz",
          "integrity": "sha1-6L0O/uWPz/b4+UUQoKVUu/ojVEk="
        },
        "load-json-file": {
          "version": "2.0.0",
          "resolved": "https://registry.npmjs.org/load-json-file/-/load-json-file-2.0.0.tgz",
          "integrity": "sha1-eUfkIUmvgNaWy/eXvKq8/h/inKg="
        },
        "path-type": {
          "version": "2.0.0",
          "resolved": "https://registry.npmjs.org/path-type/-/path-type-2.0.0.tgz",
          "integrity": "sha1-8BLMuEFbcJb8LaoQVMPXI4lZTHM="
        },
        "read-pkg": {
          "version": "2.0.0",
          "resolved": "https://registry.npmjs.org/read-pkg/-/read-pkg-2.0.0.tgz",
          "integrity": "sha1-jvHAYjxqbbDcZxPEv6xGMysjaPg="
        },
        "strip-bom": {
          "version": "3.0.0",
          "resolved": "https://registry.npmjs.org/strip-bom/-/strip-bom-3.0.0.tgz",
          "integrity": "sha1-IzTBjpx1n3vdVv3vfprj1YjmjtM="
        }
      }
    },
    "protractor": {
      "version": "5.1.2",
      "resolved": "https://registry.npmjs.org/protractor/-/protractor-5.1.2.tgz",
      "integrity": "sha1-myIXQXCaTGLVzVPGqt1UpxE36V8=",
      "dev": true,
      "dependencies": {
        "@types/node": {
          "version": "6.0.73",
          "resolved": "https://registry.npmjs.org/@types/node/-/node-6.0.73.tgz",
          "integrity": "sha1-hdxLtvElN3x13dJRmh7rY/Ck7XA="
        },
        "optimist": {
          "version": "0.6.1",
          "resolved": "https://registry.npmjs.org/optimist/-/optimist-0.6.1.tgz",
          "integrity": "sha1-2j6nRob6IaGaERwybpDrFaAZZoY="
        },
        "q": {
          "version": "1.4.1",
          "resolved": "https://registry.npmjs.org/q/-/q-1.4.1.tgz",
          "integrity": "sha1-VXBbzZPF82c1MMLCy8DCs63cKG4="
        },
        "saucelabs": {
          "version": "1.3.0",
          "resolved": "https://registry.npmjs.org/saucelabs/-/saucelabs-1.3.0.tgz",
          "integrity": "sha1-0kDoAJ33+ocwbsRXimm6O1xCT+4="
        },
        "webdriver-manager": {
          "version": "12.0.6",
          "resolved": "https://registry.npmjs.org/webdriver-manager/-/webdriver-manager-12.0.6.tgz",
          "integrity": "sha1-PfGkgZdwELTL+MnYXHpXeCjA5ws=",
          "dependencies": {
            "minimist": {
              "version": "1.2.0",
              "resolved": "https://registry.npmjs.org/minimist/-/minimist-1.2.0.tgz",
              "integrity": "sha1-o1AIsg9BOD7sH7kU9M1d95omQoQ="
            }
          }
        }
      }
    },
    "reflect-metadata": {
      "version": "0.1.10",
      "resolved": "https://registry.npmjs.org/reflect-metadata/-/reflect-metadata-0.1.10.tgz",
      "integrity": "sha1-tPg3BEFqytiZiMmxVjXUfgO5NEo=",
      "dev": true
    },
    "require-dir": {
      "version": "0.3.1",
      "resolved": "https://registry.npmjs.org/require-dir/-/require-dir-0.3.1.tgz",
      "integrity": "sha1-tajii64DQ7sNDMOKsfUx4ZMbJko=",
      "dev": true
    },
    "rxjs": {
      "version": "5.0.3",
      "resolved": "https://registry.npmjs.org/rxjs/-/rxjs-5.0.3.tgz",
      "integrity": "sha1-/IvfRk6/k4gSdI5BlniPOS/vl1Q=",
      "dev": true
    },
    "systemjs-builder": {
      "version": "0.16.4",
      "resolved": "https://registry.npmjs.org/systemjs-builder/-/systemjs-builder-0.16.4.tgz",
      "integrity": "sha1-UWs0UcGR+hfrWY9uAlSZC5qpdDI=",
      "dev": true,
      "dependencies": {
        "camelcase": {
          "version": "1.2.1",
          "resolved": "https://registry.npmjs.org/camelcase/-/camelcase-1.2.1.tgz",
          "integrity": "sha1-m7UwTS4LVmmLLHWLCKPqqdqlijk="
        },
        "cliui": {
          "version": "2.1.0",
          "resolved": "https://registry.npmjs.org/cliui/-/cliui-2.1.0.tgz",
          "integrity": "sha1-S0dXYP+AJkx2LDoXGQMukcf+oNE="
        },
        "uglify-js": {
          "version": "2.8.27",
          "resolved": "https://registry.npmjs.org/uglify-js/-/uglify-js-2.8.27.tgz",
          "integrity": "sha1-R3h/kSsPJC5bmENDvo416V9pTJw="
        },
        "wordwrap": {
          "version": "0.0.2",
          "resolved": "https://registry.npmjs.org/wordwrap/-/wordwrap-0.0.2.tgz",
          "integrity": "sha1-t5Zpu0LstAn4PVg8rVLKF+qhZD8="
        },
        "yargs": {
          "version": "3.10.0",
          "resolved": "https://registry.npmjs.org/yargs/-/yargs-3.10.0.tgz",
          "integrity": "sha1-9+572FfdfB0tOMDnTvvWgdFDH9E="
        }
      }
    },
    "ts-helpers": {
      "version": "1.1.2",
      "resolved": "https://registry.npmjs.org/ts-helpers/-/ts-helpers-1.1.2.tgz",
      "integrity": "sha1-/Gm+nx87rtAfsaDvjUz+dIgU2DU=",
      "dev": true
    },
    "tslint": {
      "version": "4.3.1",
      "resolved": "https://registry.npmjs.org/tslint/-/tslint-4.3.1.tgz",
      "integrity": "sha1-KPZ5xTyksnNoi8tvzw3ef/G7IWk=",
      "dev": true,
      "dependencies": {
        "ansi-align": {
          "version": "1.1.0",
          "resolved": "https://registry.npmjs.org/ansi-align/-/ansi-align-1.1.0.tgz",
          "integrity": "sha1-LwwWWIKXOa3V67FeawxuNCPwFro="
        },
        "boxen": {
          "version": "0.6.0",
          "resolved": "https://registry.npmjs.org/boxen/-/boxen-0.6.0.tgz",
          "integrity": "sha1-g2TUJIrDT/DvGy8r9JpsYM4NgbY="
        },
        "configstore": {
          "version": "2.1.0",
          "resolved": "https://registry.npmjs.org/configstore/-/configstore-2.1.0.tgz",
          "integrity": "sha1-c3o6cDbpiGECqmCZ5HuzOrGroaE="
        },
        "duplexer2": {
          "version": "0.1.4",
          "resolved": "https://registry.npmjs.org/duplexer2/-/duplexer2-0.1.4.tgz",
          "integrity": "sha1-ixLauHjA1p4+eJEFFmKjL8a93ME="
        },
        "got": {
          "version": "5.7.1",
          "resolved": "https://registry.npmjs.org/got/-/got-5.7.1.tgz",
          "integrity": "sha1-X4FjWmHkplifGAVp6k44FoClHzU="
        },
        "is-fullwidth-code-point": {
          "version": "1.0.0",
          "resolved": "https://registry.npmjs.org/is-fullwidth-code-point/-/is-fullwidth-code-point-1.0.0.tgz",
          "integrity": "sha1-754xOG8DGn8NZDr4L95QxFfvAMs="
        },
        "latest-version": {
          "version": "2.0.0",
          "resolved": "https://registry.npmjs.org/latest-version/-/latest-version-2.0.0.tgz",
          "integrity": "sha1-VvjWE5YghHuAF/jx9NeOIRMkFos="
        },
        "lazy-req": {
          "version": "1.1.0",
          "resolved": "https://registry.npmjs.org/lazy-req/-/lazy-req-1.1.0.tgz",
          "integrity": "sha1-va6+rTD42CQDnODOFJ1Nqge6H6w="
        },
        "optimist": {
          "version": "0.6.1",
          "resolved": "https://registry.npmjs.org/optimist/-/optimist-0.6.1.tgz",
          "integrity": "sha1-2j6nRob6IaGaERwybpDrFaAZZoY="
        },
        "package-json": {
          "version": "2.4.0",
          "resolved": "https://registry.npmjs.org/package-json/-/package-json-2.4.0.tgz",
          "integrity": "sha1-DRW9Z9HLvduyyiIv8u24a8sxqLs="
        },
        "string-width": {
          "version": "1.0.2",
          "resolved": "https://registry.npmjs.org/string-width/-/string-width-1.0.2.tgz",
          "integrity": "sha1-EYvfW4zcUaKn5w0hHgfisLmxB9M="
        },
        "timed-out": {
          "version": "3.1.3",
          "resolved": "https://registry.npmjs.org/timed-out/-/timed-out-3.1.3.tgz",
          "integrity": "sha1-lYYL/MXHbCd/j4Mm/Q9bLiDrohc="
        },
        "unzip-response": {
          "version": "1.0.2",
          "resolved": "https://registry.npmjs.org/unzip-response/-/unzip-response-1.0.2.tgz",
          "integrity": "sha1-uYTwh3/AqJwsdzzB73tbIytbBv4="
        },
        "update-notifier": {
          "version": "1.0.3",
          "resolved": "https://registry.npmjs.org/update-notifier/-/update-notifier-1.0.3.tgz",
          "integrity": "sha1-j5LFFUgr1oMbfJMBPnD4dVLHz1o="
        },
        "uuid": {
          "version": "2.0.3",
          "resolved": "https://registry.npmjs.org/uuid/-/uuid-2.0.3.tgz",
          "integrity": "sha1-Z+LoY3lyFVMN/zGOW/nc6/1Hsho="
        },
        "write-file-atomic": {
          "version": "1.3.4",
          "resolved": "https://registry.npmjs.org/write-file-atomic/-/write-file-atomic-1.3.4.tgz",
          "integrity": "sha1-+Aek8LHZ6ROuekgRLmzDrxmRtF8="
        },
        "xdg-basedir": {
          "version": "2.0.0",
          "resolved": "https://registry.npmjs.org/xdg-basedir/-/xdg-basedir-2.0.0.tgz",
          "integrity": "sha1-7byQPMOF/ARSPZZqM1UEtVBNG9I="
        }
      }
    },
    "tslint-config-valorsoft": {
      "version": "1.2.0",
      "resolved": "https://registry.npmjs.org/tslint-config-valorsoft/-/tslint-config-valorsoft-1.2.0.tgz",
      "integrity": "sha1-yG4UgFfa6QSJyy4CytIFRIOX0g0=",
      "dev": true
    },
    "typedoc": {
      "version": "0.7.1",
      "resolved": "https://registry.npmjs.org/typedoc/-/typedoc-0.7.1.tgz",
      "integrity": "sha1-tEG//iRrs+DlmNmuR050NZS9p2k=",
      "dev": true,
      "dependencies": {
        "async": {
          "version": "1.5.2",
          "resolved": "https://registry.npmjs.org/async/-/async-1.5.2.tgz",
          "integrity": "sha1-7GphrlZIDAw8skHJVhjiCJL5Zyo="
        },
        "camelcase": {
          "version": "1.2.1",
          "resolved": "https://registry.npmjs.org/camelcase/-/camelcase-1.2.1.tgz",
          "integrity": "sha1-m7UwTS4LVmmLLHWLCKPqqdqlijk="
        },
        "cliui": {
          "version": "2.1.0",
          "resolved": "https://registry.npmjs.org/cliui/-/cliui-2.1.0.tgz",
          "integrity": "sha1-S0dXYP+AJkx2LDoXGQMukcf+oNE=",
          "dependencies": {
            "wordwrap": {
              "version": "0.0.2",
              "resolved": "https://registry.npmjs.org/wordwrap/-/wordwrap-0.0.2.tgz",
              "integrity": "sha1-t5Zpu0LstAn4PVg8rVLKF+qhZD8="
            }
          }
        },
        "fs-extra": {
          "version": "3.0.1",
          "resolved": "https://registry.npmjs.org/fs-extra/-/fs-extra-3.0.1.tgz",
          "integrity": "sha1-N5TzeMWLNC6n27sjCVEJxLO2IpE="
        },
        "handlebars": {
          "version": "4.0.10",
          "resolved": "https://registry.npmjs.org/handlebars/-/handlebars-4.0.10.tgz",
          "integrity": "sha1-PTDHGLCaPZbyPqTMH0A8TTup/08="
        },
        "jsonfile": {
          "version": "3.0.0",
          "resolved": "https://registry.npmjs.org/jsonfile/-/jsonfile-3.0.0.tgz",
          "integrity": "sha1-kufHRE5f/V+jLmqa6LhQNN+DR9A="
        },
        "optimist": {
          "version": "0.6.1",
          "resolved": "https://registry.npmjs.org/optimist/-/optimist-0.6.1.tgz",
          "integrity": "sha1-2j6nRob6IaGaERwybpDrFaAZZoY="
        },
        "source-map": {
          "version": "0.4.4",
          "resolved": "https://registry.npmjs.org/source-map/-/source-map-0.4.4.tgz",
          "integrity": "sha1-66T12pwNyZneaAMti092FzZSA2s="
        },
        "typescript": {
          "version": "2.3.2",
          "resolved": "https://registry.npmjs.org/typescript/-/typescript-2.3.2.tgz",
          "integrity": "sha1-8PBF4Zb2mnLwayX9O9OdAcPOmYQ="
        },
        "uglify-js": {
          "version": "2.8.27",
          "resolved": "https://registry.npmjs.org/uglify-js/-/uglify-js-2.8.27.tgz",
          "integrity": "sha1-R3h/kSsPJC5bmENDvo416V9pTJw=",
          "dependencies": {
            "source-map": {
              "version": "0.5.6",
              "resolved": "https://registry.npmjs.org/source-map/-/source-map-0.5.6.tgz",
              "integrity": "sha1-dc449SvwczxafwwRjYEzSiu19BI="
            }
          }
        },
        "yargs": {
          "version": "3.10.0",
          "resolved": "https://registry.npmjs.org/yargs/-/yargs-3.10.0.tgz",
          "integrity": "sha1-9+572FfdfB0tOMDnTvvWgdFDH9E="
        }
      }
    },
    "typescript": {
      "version": "2.1.5",
      "resolved": "https://registry.npmjs.org/typescript/-/typescript-2.1.5.tgz",
      "integrity": "sha1-b+lHngDgGFUkfOohbnVhuvzbzUo=",
      "dev": true
    },
    "wallaby-webpack": {
      "version": "0.0.38",
      "resolved": "https://registry.npmjs.org/wallaby-webpack/-/wallaby-webpack-0.0.38.tgz",
      "integrity": "sha1-MKnP/LzglhHnunqptlYwTbnRuQg=",
      "dev": true,
      "dependencies": {
        "lodash": {
          "version": "3.10.1",
          "resolved": "https://registry.npmjs.org/lodash/-/lodash-3.10.1.tgz",
          "integrity": "sha1-W/Rejkm6QYnhfUgnid/RW9FAt7Y="
        },
        "minimatch": {
          "version": "3.0.3",
          "resolved": "https://registry.npmjs.org/minimatch/-/minimatch-3.0.3.tgz",
          "integrity": "sha1-Kk5AkLlrLbBqnX3wEFWmKnfJt3Q="
        }
      }
    },
    "webdriver-manager": {
      "version": "11.1.1",
      "resolved": "https://registry.npmjs.org/webdriver-manager/-/webdriver-manager-11.1.1.tgz",
      "integrity": "sha1-kDzS0IH/lUCAQdHD2SDOi83YE08=",
      "dev": true,
      "dependencies": {
        "minimist": {
          "version": "1.2.0",
          "resolved": "https://registry.npmjs.org/minimist/-/minimist-1.2.0.tgz",
          "integrity": "sha1-o1AIsg9BOD7sH7kU9M1d95omQoQ="
        }
      }
    },
    "zone.js": {
      "version": "0.8.11",
      "resolved": "https://registry.npmjs.org/zone.js/-/zone.js-0.8.11.tgz",
      "integrity": "sha1-dCvvsX+8SaVxcSuMfYfljKJv2IY=",
      "dev": true
    }
  }
}
